
Microsoft Visual Studio Solution File, Format Version 12.00
# Visual Studio 15
VisualStudioVersion = 15.0.27703.2026
MinimumVisualStudioVersion = 10.0.40219.1
Project("{FAE04EC0-301F-11D3-BF4B-00C04F79EFBC}") = "Autofac.TypedFactories", "Autofac.TypedFactories\Autofac.TypedFactories.csproj", "{47A79A4B-EC04-4755-9706-23CE7934FA33}"
EndProject
Project("{FAE04EC0-301F-11D3-BF4B-00C04F79EFBC}") = "Autofac.TypedFactories.Test", "Autofac.TypedFactories.Test\Autofac.TypedFactories.Test.csproj", "{C06C2748-D234-4B91-AE6D-892DA6543350}"
EndProject
Project("{FAE04EC0-301F-11D3-BF4B-00C04F79EFBC}") = "Autofac.TypedFactories.Tests.Core2", "Autofac.TypedFactories.Tests.Core2\Autofac.TypedFactories.Tests.Core2.csproj", "{A75E7BA5-46D6-4750-A195-7633751ED3DC}"
EndProject
Global
	GlobalSection(SolutionConfigurationPlatforms) = preSolution
		Debug|Any CPU = Debug|Any CPU
		Release|Any CPU = Release|Any CPU
	EndGlobalSection
	GlobalSection(ProjectConfigurationPlatforms) = postSolution
		{47A79A4B-EC04-4755-9706-23CE7934FA33}.Debug|Any CPU.ActiveCfg = Debug|Any CPU
		{47A79A4B-EC04-4755-9706-23CE7934FA33}.Debug|Any CPU.Build.0 = Debug|Any CPU
		{47A79A4B-EC04-4755-9706-23CE7934FA33}.Release|Any CPU.ActiveCfg = Release|Any CPU
		{47A79A4B-EC04-4755-9706-23CE7934FA33}.Release|Any CPU.Build.0 = Release|Any CPU
		{C06C2748-D234-4B91-AE6D-892DA6543350}.Debug|Any CPU.ActiveCfg = Debug|Any CPU
		{C06C2748-D234-4B91-AE6D-892DA6543350}.Debug|Any CPU.Build.0 = Debug|Any CPU
		{C06C2748-D234-4B91-AE6D-892DA6543350}.Release|Any CPU.ActiveCfg = Release|Any CPU
		{C06C2748-D234-4B91-AE6D-892DA6543350}.Release|Any CPU.Build.0 = Release|Any CPU
		{A75E7BA5-46D6-4750-A195-7633751ED3DC}.Debug|Any CPU.ActiveCfg = Debug|Any CPU
		{A75E7BA5-46D6-4750-A195-7633751ED3DC}.Debug|Any CPU.Build.0 = Debug|Any CPU
		{A75E7BA5-46D6-4750-A195-7633751ED3DC}.Release|Any CPU.ActiveCfg = Release|Any CPU
		{A75E7BA5-46D6-4750-A195-7633751ED3DC}.Release|Any CPU.Build.0 = Release|Any CPU
	EndGlobalSection
	GlobalSection(SolutionProperties) = preSolution
		HideSolutionNode = FALSE
	EndGlobalSection
	GlobalSection(ExtensibilityGlobals) = postSolution
		SolutionGuid = {723A03F8-08C3-4195-BFFC-2F56E3175284}
	EndGlobalSection
EndGlobal
